
Microsoft Visual Studio Solution File, Format Version 12.00
# Visual Studio Version 17
VisualStudioVersion = 17.9.34701.34
MinimumVisualStudioVersion = 10.0.40219.1
Project("{2150E333-8FDC-42A3-9474-1A3956D46DE8}") = "src", "src", "{9EF8E962-234E-4A27-BF60-864797A1B513}"
EndProject
Project("{2150E333-8FDC-42A3-9474-1A3956D46DE8}") = "builders", "builders", "{43317C1B-70D8-43F9-A001-CD1925A5DA7A}"
EndProject
Project("{FAE04EC0-301F-11D3-BF4B-00C04F79EFBC}") = "Builder", "src\builders\Builder\Builder.csproj", "{F31853B6-C346-48CF-A94A-A2ABA3526042}"
EndProject
Global
	GlobalSection(SolutionConfigurationPlatforms) = preSolution
		Debug|Any CPU = Debug|Any CPU
		Release|Any CPU = Release|Any CPU
	EndGlobalSection
	GlobalSection(ProjectConfigurationPlatforms) = postSolution
		{F31853B6-C346-48CF-A94A-A2ABA3526042}.Debug|Any CPU.ActiveCfg = Debug|Any CPU
		{F31853B6-C346-48CF-A94A-A2ABA3526042}.Debug|Any CPU.Build.0 = Debug|Any CPU
		{F31853B6-C346-48CF-A94A-A2ABA3526042}.Release|Any CPU.ActiveCfg = Release|Any CPU
		{F31853B6-C346-48CF-A94A-A2ABA3526042}.Release|Any CPU.Build.0 = Release|Any CPU
	EndGlobalSection
	GlobalSection(SolutionProperties) = preSolution
		HideSolutionNode = FALSE
	EndGlobalSection
	GlobalSection(NestedProjects) = preSolution
		{43317C1B-70D8-43F9-A001-CD1925A5DA7A} = {9EF8E962-234E-4A27-BF60-864797A1B513}
		{F31853B6-C346-48CF-A94A-A2ABA3526042} = {43317C1B-70D8-43F9-A001-CD1925A5DA7A}
	EndGlobalSection
	GlobalSection(ExtensibilityGlobals) = postSolution
		SolutionGuid = {949B18AE-F7DB-4A68-B3BA-CB7EAE556E76}
	EndGlobalSection
EndGlobal
